
Microsoft Visual Studio Solution File, Format Version 12.00
# Visual Studio Version 16
VisualStudioVersion = 16.0.28729.10
MinimumVisualStudioVersion = 10.0.40219.1
Project("{FAE04EC0-301F-11D3-BF4B-00C04F79EFBC}") = "Domain", "Domain\Domain.csproj", "{060639E4-2416-40EE-9B5D-5AAA24527138}"
EndProject
Project("{FAE04EC0-301F-11D3-BF4B-00C04F79EFBC}") = "Data", "Data\Data.csproj", "{B74D61C5-7C06-4448-B161-90D35C76EA28}"
EndProject
Project("{FAE04EC0-301F-11D3-BF4B-00C04F79EFBC}") = "Service", "Service\Service.csproj", "{96300C7B-58E8-43B8-BAEC-E00188C238AF}"
EndProject
Project("{FAE04EC0-301F-11D3-BF4B-00C04F79EFBC}") = "WebApi", "WebApi\WebApi.csproj", "{3CE37E77-6BA4-4620-AE5C-32018570CBF1}"
EndProject
Project("{FAE04EC0-301F-11D3-BF4B-00C04F79EFBC}") = "SPA.Web", "SPA.Web\SPA.Web.csproj", "{9BAE92D6-9A2D-4A59-8173-D80AF24EBBC8}"
EndProject
Global
	GlobalSection(SolutionConfigurationPlatforms) = preSolution
		Debug|Any CPU = Debug|Any CPU
		Release|Any CPU = Release|Any CPU
	EndGlobalSection
	GlobalSection(ProjectConfigurationPlatforms) = postSolution
		{060639E4-2416-40EE-9B5D-5AAA24527138}.Debug|Any CPU.ActiveCfg = Debug|Any CPU
		{060639E4-2416-40EE-9B5D-5AAA24527138}.Debug|Any CPU.Build.0 = Debug|Any CPU
		{060639E4-2416-40EE-9B5D-5AAA24527138}.Release|Any CPU.ActiveCfg = Release|Any CPU
		{060639E4-2416-40EE-9B5D-5AAA24527138}.Release|Any CPU.Build.0 = Release|Any CPU
		{B74D61C5-7C06-4448-B161-90D35C76EA28}.Debug|Any CPU.ActiveCfg = Debug|Any CPU
		{B74D61C5-7C06-4448-B161-90D35C76EA28}.Debug|Any CPU.Build.0 = Debug|Any CPU
		{B74D61C5-7C06-4448-B161-90D35C76EA28}.Release|Any CPU.ActiveCfg = Release|Any CPU
		{B74D61C5-7C06-4448-B161-90D35C76EA28}.Release|Any CPU.Build.0 = Release|Any CPU
		{96300C7B-58E8-43B8-BAEC-E00188C238AF}.Debug|Any CPU.ActiveCfg = Debug|Any CPU
		{96300C7B-58E8-43B8-BAEC-E00188C238AF}.Debug|Any CPU.Build.0 = Debug|Any CPU
		{96300C7B-58E8-43B8-BAEC-E00188C238AF}.Release|Any CPU.ActiveCfg = Release|Any CPU
		{96300C7B-58E8-43B8-BAEC-E00188C238AF}.Release|Any CPU.Build.0 = Release|Any CPU
		{3CE37E77-6BA4-4620-AE5C-32018570CBF1}.Debug|Any CPU.ActiveCfg = Debug|Any CPU
		{3CE37E77-6BA4-4620-AE5C-32018570CBF1}.Debug|Any CPU.Build.0 = Debug|Any CPU
		{3CE37E77-6BA4-4620-AE5C-32018570CBF1}.Release|Any CPU.ActiveCfg = Release|Any CPU
		{3CE37E77-6BA4-4620-AE5C-32018570CBF1}.Release|Any CPU.Build.0 = Release|Any CPU
		{9BAE92D6-9A2D-4A59-8173-D80AF24EBBC8}.Debug|Any CPU.ActiveCfg = Debug|Any CPU
		{9BAE92D6-9A2D-4A59-8173-D80AF24EBBC8}.Debug|Any CPU.Build.0 = Debug|Any CPU
		{9BAE92D6-9A2D-4A59-8173-D80AF24EBBC8}.Release|Any CPU.ActiveCfg = Release|Any CPU
		{9BAE92D6-9A2D-4A59-8173-D80AF24EBBC8}.Release|Any CPU.Build.0 = Release|Any CPU
	EndGlobalSection
	GlobalSection(SolutionProperties) = preSolution
		HideSolutionNode = FALSE
	EndGlobalSection
	GlobalSection(ExtensibilityGlobals) = postSolution
		SolutionGuid = {4EF5F53C-B55B-4A42-83DA-3BB3E64FB355}
	EndGlobalSection
EndGlobal
